
Microsoft Visual Studio Solution File, Format Version 12.00
# Visual Studio Version 16
VisualStudioVersion = 16.0.29403.142
MinimumVisualStudioVersion = 10.0.40219.1
Project("{FAE04EC0-301F-11D3-BF4B-00C04F79EFBC}") = "ScreenRecorder_Test1", "ScreenRecorder_Test1\ScreenRecorder_Test1.csproj", "{B0C2DEF9-C212-4D2D-AF2A-B7FD0B62A6B2}"
EndProject
Global
	GlobalSection(SolutionConfigurationPlatforms) = preSolution
		Debug|Any CPU = Debug|Any CPU
		Release|Any CPU = Release|Any CPU
	EndGlobalSection
	GlobalSection(ProjectConfigurationPlatforms) = postSolution
		{B0C2DEF9-C212-4D2D-AF2A-B7FD0B62A6B2}.Debug|Any CPU.ActiveCfg = Debug|Any CPU
		{B0C2DEF9-C212-4D2D-AF2A-B7FD0B62A6B2}.Debug|Any CPU.Build.0 = Debug|Any CPU
		{B0C2DEF9-C212-4D2D-AF2A-B7FD0B62A6B2}.Release|Any CPU.ActiveCfg = Release|Any CPU
		{B0C2DEF9-C212-4D2D-AF2A-B7FD0B62A6B2}.Release|Any CPU.Build.0 = Release|Any CPU
	EndGlobalSection
	GlobalSection(SolutionProperties) = preSolution
		HideSolutionNode = FALSE
	EndGlobalSection
	GlobalSection(ExtensibilityGlobals) = postSolution
		SolutionGuid = {F7076F98-70DD-4A7E-94CC-EA02E8929274}
	EndGlobalSection
EndGlobal
